
Microsoft Visual Studio Solution File, Format Version 12.00
# Visual Studio Version 17
VisualStudioVersion = 17.0.32014.148
MinimumVisualStudioVersion = 10.0.40219.1
Project("{8BC9CEB8-8B4A-11D0-8D11-00A0C91BC942}") = "problem6", "problem6.vcxproj", "{48BF86D6-C058-42AE-8107-B7BE56BD097E}"
EndProject
Global
	GlobalSection(SolutionConfigurationPlatforms) = preSolution
		Debug|x64 = Debug|x64
		Debug|x86 = Debug|x86
		Release|x64 = Release|x64
		Release|x86 = Release|x86
	EndGlobalSection
	GlobalSection(ProjectConfigurationPlatforms) = postSolution
		{48BF86D6-C058-42AE-8107-B7BE56BD097E}.Debug|x64.ActiveCfg = Debug|x64
		{48BF86D6-C058-42AE-8107-B7BE56BD097E}.Debug|x64.Build.0 = Debug|x64
		{48BF86D6-C058-42AE-8107-B7BE56BD097E}.Debug|x86.ActiveCfg = Debug|Win32
		{48BF86D6-C058-42AE-8107-B7BE56BD097E}.Debug|x86.Build.0 = Debug|Win32
		{48BF86D6-C058-42AE-8107-B7BE56BD097E}.Release|x64.ActiveCfg = Release|x64
		{48BF86D6-C058-42AE-8107-B7BE56BD097E}.Release|x64.Build.0 = Release|x64
		{48BF86D6-C058-42AE-8107-B7BE56BD097E}.Release|x86.ActiveCfg = Release|Win32
		{48BF86D6-C058-42AE-8107-B7BE56BD097E}.Release|x86.Build.0 = Release|Win32
	EndGlobalSection
	GlobalSection(SolutionProperties) = preSolution
		HideSolutionNode = FALSE
	EndGlobalSection
	GlobalSection(ExtensibilityGlobals) = postSolution
		SolutionGuid = {C8C98690-F2FC-4F2B-A9D2-0E5D25FBACAD}
	EndGlobalSection
EndGlobal
