
Microsoft Visual Studio Solution File, Format Version 12.00
# Visual Studio Version 17
VisualStudioVersion = 17.5.33516.290
MinimumVisualStudioVersion = 10.0.40219.1
Project("{FAE04EC0-301F-11D3-BF4B-00C04F79EFBC}") = "lab1-elipsoids", "lab1-elipsoids.csproj", "{B36F917C-2512-4861-94EF-887B846CD700}"
EndProject
Global
	GlobalSection(SolutionConfigurationPlatforms) = preSolution
		Debug|Any CPU = Debug|Any CPU
		Release|Any CPU = Release|Any CPU
	EndGlobalSection
	GlobalSection(ProjectConfigurationPlatforms) = postSolution
		{B36F917C-2512-4861-94EF-887B846CD700}.Debug|Any CPU.ActiveCfg = Debug|Any CPU
		{B36F917C-2512-4861-94EF-887B846CD700}.Debug|Any CPU.Build.0 = Debug|Any CPU
		{B36F917C-2512-4861-94EF-887B846CD700}.Release|Any CPU.ActiveCfg = Release|Any CPU
		{B36F917C-2512-4861-94EF-887B846CD700}.Release|Any CPU.Build.0 = Release|Any CPU
	EndGlobalSection
	GlobalSection(SolutionProperties) = preSolution
		HideSolutionNode = FALSE
	EndGlobalSection
	GlobalSection(ExtensibilityGlobals) = postSolution
		SolutionGuid = {266CA479-DD15-401A-A3A2-B8688CB9CFF5}
	EndGlobalSection
EndGlobal
